// !$*UTF8*$!
{
	archiveVersion = 1;
	classes = {
	};
	objectVersion = 56;
	objects = {

/* Begin PBXBuildFile section */
		4002BCC02C46AC210092664C /* AppListView.swift in Sources */ = {isa = PBXBuildFile; fileRef = 4002BCBF2C46AC210092664C /* AppListView.swift */; };
		4002BCC22C47CF160092664C /* AppView.swift in Sources */ = {isa = PBXBuildFile; fileRef = 4002BCC12C47CF160092664C /* AppView.swift */; };
		4002BCC52C47DF650092664C /* AppAssets.swift in Sources */ = {isa = PBXBuildFile; fileRef = 4002BCC42C47DF650092664C /* AppAssets.swift */; };
		4002BCC92C47E5350092664C /* GamesView.swift in Sources */ = {isa = PBXBuildFile; fileRef = 4002BCC82C47E5350092664C /* GamesView.swift */; };
		4002BCCB2C47E5450092664C /* AppsView.swift in Sources */ = {isa = PBXBuildFile; fileRef = 4002BCCA2C47E5450092664C /* AppsView.swift */; };
		4002BCCD2C47E55B0092664C /* ArcadeView.swift in Sources */ = {isa = PBXBuildFile; fileRef = 4002BCCC2C47E55B0092664C /* ArcadeView.swift */; };
		4002BCCF2C47E5680092664C /* SearchView.swift in Sources */ = {isa = PBXBuildFile; fileRef = 4002BCCE2C47E5680092664C /* SearchView.swift */; };
		4002BCD32C47FB550092664C /* HeadView.swift in Sources */ = {isa = PBXBuildFile; fileRef = 4002BCD22C47FB550092664C /* HeadView.swift */; };
		4002BCD52C47FE520092664C /* TodayView.swift in Sources */ = {isa = PBXBuildFile; fileRef = 4002BCD42C47FE520092664C /* TodayView.swift */; };
		4002BCD82C4B656E0092664C /* Chapter5_1View.swift in Sources */ = {isa = PBXBuildFile; fileRef = 4002BCD72C4B656E0092664C /* Chapter5_1View.swift */; };
		4002BCDA2C4B6C450092664C /* Cgapter5_2View.swift in Sources */ = {isa = PBXBuildFile; fileRef = 4002BCD92C4B6C450092664C /* Cgapter5_2View.swift */; };
		4002BCDC2C4B708D0092664C /* Chapter5_3View.swift in Sources */ = {isa = PBXBuildFile; fileRef = 4002BCDB2C4B708D0092664C /* Chapter5_3View.swift */; };
		4002BCDE2C4B735B0092664C /* Chapter5_4View.swift in Sources */ = {isa = PBXBuildFile; fileRef = 4002BCDD2C4B735B0092664C /* Chapter5_4View.swift */; };
		4002BCE02C4B77650092664C /* Chapter5_5View.swift in Sources */ = {isa = PBXBuildFile; fileRef = 4002BCDF2C4B77650092664C /* Chapter5_5View.swift */; };
		40177B4A2C4B7E0700F1C92E /* Chapter5_6View.swift in Sources */ = {isa = PBXBuildFile; fileRef = 40177B492C4B7E0700F1C92E /* Chapter5_6View.swift */; };
		40177B4C2C4B82B000F1C92E /* Chapter5_7View.swift in Sources */ = {isa = PBXBuildFile; fileRef = 40177B4B2C4B82B000F1C92E /* Chapter5_7View.swift */; };
		40177B4E2C4B88EE00F1C92E /* Chapter5_8View.swift in Sources */ = {isa = PBXBuildFile; fileRef = 40177B4D2C4B88EE00F1C92E /* Chapter5_8View.swift */; };
		40177B502C4B8B2300F1C92E /* Chapter5_9IView.swift in Sources */ = {isa = PBXBuildFile; fileRef = 40177B4F2C4B8B2300F1C92E /* Chapter5_9IView.swift */; };
		40177B522C4BC64900F1C92E /* DateFormatterHelper.swift in Sources */ = {isa = PBXBuildFile; fileRef = 40177B512C4BC64900F1C92E /* DateFormatterHelper.swift */; };
		40177B552C4BCBE700F1C92E /* HowToDetailView.swift in Sources */ = {isa = PBXBuildFile; fileRef = 40177B542C4BCBE700F1C92E /* HowToDetailView.swift */; };
		40177B572C4BD2AA00F1C92E /* StayHomeDetailView.swift in Sources */ = {isa = PBXBuildFile; fileRef = 40177B562C4BD2AA00F1C92E /* StayHomeDetailView.swift */; };
		4037762C2C424A9E00E7FBBA /* SwiftUILearningApp.swift in Sources */ = {isa = PBXBuildFile; fileRef = 4037762B2C424A9E00E7FBBA /* SwiftUILearningApp.swift */; };
		4037762E2C424A9E00E7FBBA /* ContentView.swift in Sources */ = {isa = PBXBuildFile; fileRef = 4037762D2C424A9E00E7FBBA /* ContentView.swift */; };
		403776302C424A9F00E7FBBA /* Assets.xcassets in Resources */ = {isa = PBXBuildFile; fileRef = 4037762F2C424A9F00E7FBBA /* Assets.xcassets */; };
		403776332C424A9F00E7FBBA /* Preview Assets.xcassets in Resources */ = {isa = PBXBuildFile; fileRef = 403776322C424A9F00E7FBBA /* Preview Assets.xcassets */; };
		4037763D2C424A9F00E7FBBA /* SwiftUILearningTests.swift in Sources */ = {isa = PBXBuildFile; fileRef = 4037763C2C424A9F00E7FBBA /* SwiftUILearningTests.swift */; };
		403776472C424A9F00E7FBBA /* SwiftUILearningUITests.swift in Sources */ = {isa = PBXBuildFile; fileRef = 403776462C424A9F00E7FBBA /* SwiftUILearningUITests.swift */; };
		403776492C424A9F00E7FBBA /* SwiftUILearningUITestsLaunchTests.swift in Sources */ = {isa = PBXBuildFile; fileRef = 403776482C424A9F00E7FBBA /* SwiftUILearningUITestsLaunchTests.swift */; };
		408B9D552C45369A00DEB12D /* AppDefine.swift in Sources */ = {isa = PBXBuildFile; fileRef = 408B9D542C45369A00DEB12D /* AppDefine.swift */; };
		408B9DB42C454CA500DEB12D /* TodayCardView.swift in Sources */ = {isa = PBXBuildFile; fileRef = 408B9DB32C454CA500DEB12D /* TodayCardView.swift */; };
		408B9DBB2C46A04F00DEB12D /* Color+Hex.swift in Sources */ = {isa = PBXBuildFile; fileRef = 408B9DBA2C46A04F00DEB12D /* Color+Hex.swift */; };
		408B9DBC2C46A04F00DEB12D /* Color+Hex.swift in Sources */ = {isa = PBXBuildFile; fileRef = 408B9DBA2C46A04F00DEB12D /* Color+Hex.swift */; };
		408B9DBD2C46A04F00DEB12D /* Color+Hex.swift in Sources */ = {isa = PBXBuildFile; fileRef = 408B9DBA2C46A04F00DEB12D /* Color+Hex.swift */; };
		408E0CEC2C42B52900EE3D4F /* Chapter3View.swift in Sources */ = {isa = PBXBuildFile; fileRef = 408E0CEB2C42B52900EE3D4F /* Chapter3View.swift */; };
		408E0CEE2C42B5B000EE3D4F /* Chapter2View.swift in Sources */ = {isa = PBXBuildFile; fileRef = 408E0CED2C42B5B000EE3D4F /* Chapter2View.swift */; };
		408E0CF02C44C41F00EE3D4F /* Chapter4_1View.swift in Sources */ = {isa = PBXBuildFile; fileRef = 408E0CEF2C44C41F00EE3D4F /* Chapter4_1View.swift */; };
		408E0CF32C44D05800EE3D4F /* Chapter4_2View.swift in Sources */ = {isa = PBXBuildFile; fileRef = 408E0CF22C44D05800EE3D4F /* Chapter4_2View.swift */; };
		408E0CF52C44DBD700EE3D4F /* PhotoData.swift in Sources */ = {isa = PBXBuildFile; fileRef = 408E0CF42C44DBD700EE3D4F /* PhotoData.swift */; };
		408E0CF72C44DDA900EE3D4F /* Chapter4_3View.swift in Sources */ = {isa = PBXBuildFile; fileRef = 408E0CF62C44DDA900EE3D4F /* Chapter4_3View.swift */; };
		408E0CF92C44E1EC00EE3D4F /* RowView.swift in Sources */ = {isa = PBXBuildFile; fileRef = 408E0CF82C44E1EC00EE3D4F /* RowView.swift */; };
		408E0CFC2C44EB8B00EE3D4F /* Chapter4-4View.swift in Sources */ = {isa = PBXBuildFile; fileRef = 408E0CFB2C44EB8B00EE3D4F /* Chapter4-4View.swift */; };
		408E0CFE2C44ED0300EE3D4F /* WebData.swift in Sources */ = {isa = PBXBuildFile; fileRef = 408E0CFD2C44ED0300EE3D4F /* WebData.swift */; };
/* End PBXBuildFile section */

/* Begin PBXContainerItemProxy section */
		403776392C424A9F00E7FBBA /* PBXContainerItemProxy */ = {
			isa = PBXContainerItemProxy;
			containerPortal = 403776202C424A9E00E7FBBA /* Project object */;
			proxyType = 1;
			remoteGlobalIDString = 403776272C424A9E00E7FBBA;
			remoteInfo = SwiftUILearning;
		};
		403776432C424A9F00E7FBBA /* PBXContainerItemProxy */ = {
			isa = PBXContainerItemProxy;
			containerPortal = 403776202C424A9E00E7FBBA /* Project object */;
			proxyType = 1;
			remoteGlobalIDString = 403776272C424A9E00E7FBBA;
			remoteInfo = SwiftUILearning;
		};
/* End PBXContainerItemProxy section */

/* Begin PBXFileReference section */
		4002BCBF2C46AC210092664C /* AppListView.swift */ = {isa = PBXFileReference; lastKnownFileType = sourcecode.swift; path = AppListView.swift; sourceTree = "<group>"; };
		4002BCC12C47CF160092664C /* AppView.swift */ = {isa = PBXFileReference; lastKnownFileType = sourcecode.swift; path = AppView.swift; sourceTree = "<group>"; };
		4002BCC42C47DF650092664C /* AppAssets.swift */ = {isa = PBXFileReference; lastKnownFileType = sourcecode.swift; path = AppAssets.swift; sourceTree = "<group>"; };
		4002BCC82C47E5350092664C /* GamesView.swift */ = {isa = PBXFileReference; lastKnownFileType = sourcecode.swift; path = GamesView.swift; sourceTree = "<group>"; };
		4002BCCA2C47E5450092664C /* AppsView.swift */ = {isa = PBXFileReference; lastKnownFileType = sourcecode.swift; path = AppsView.swift; sourceTree = "<group>"; };
		4002BCCC2C47E55B0092664C /* ArcadeView.swift */ = {isa = PBXFileReference; lastKnownFileType = sourcecode.swift; path = ArcadeView.swift; sourceTree = "<group>"; };
		4002BCCE2C47E5680092664C /* SearchView.swift */ = {isa = PBXFileReference; lastKnownFileType = sourcecode.swift; path = SearchView.swift; sourceTree = "<group>"; };
		4002BCD22C47FB550092664C /* HeadView.swift */ = {isa = PBXFileReference; lastKnownFileType = sourcecode.swift; path = HeadView.swift; sourceTree = "<group>"; };
		4002BCD42C47FE520092664C /* TodayView.swift */ = {isa = PBXFileReference; lastKnownFileType = sourcecode.swift; path = TodayView.swift; sourceTree = "<group>"; };
		4002BCD72C4B656E0092664C /* Chapter5_1View.swift */ = {isa = PBXFileReference; lastKnownFileType = sourcecode.swift; path = Chapter5_1View.swift; sourceTree = "<group>"; };
		4002BCD92C4B6C450092664C /* Cgapter5_2View.swift */ = {isa = PBXFileReference; lastKnownFileType = sourcecode.swift; path = Cgapter5_2View.swift; sourceTree = "<group>"; };
		4002BCDB2C4B708D0092664C /* Chapter5_3View.swift */ = {isa = PBXFileReference; lastKnownFileType = sourcecode.swift; path = Chapter5_3View.swift; sourceTree = "<group>"; };
		4002BCDD2C4B735B0092664C /* Chapter5_4View.swift */ = {isa = PBXFileReference; lastKnownFileType = sourcecode.swift; path = Chapter5_4View.swift; sourceTree = "<group>"; };
		4002BCDF2C4B77650092664C /* Chapter5_5View.swift */ = {isa = PBXFileReference; lastKnownFileType = sourcecode.swift; path = Chapter5_5View.swift; sourceTree = "<group>"; };
		40177B492C4B7E0700F1C92E /* Chapter5_6View.swift */ = {isa = PBXFileReference; lastKnownFileType = sourcecode.swift; path = Chapter5_6View.swift; sourceTree = "<group>"; };
		40177B4B2C4B82B000F1C92E /* Chapter5_7View.swift */ = {isa = PBXFileReference; lastKnownFileType = sourcecode.swift; path = Chapter5_7View.swift; sourceTree = "<group>"; };
		40177B4D2C4B88EE00F1C92E /* Chapter5_8View.swift */ = {isa = PBXFileReference; lastKnownFileType = sourcecode.swift; path = Chapter5_8View.swift; sourceTree = "<group>"; };
		40177B4F2C4B8B2300F1C92E /* Chapter5_9IView.swift */ = {isa = PBXFileReference; lastKnownFileType = sourcecode.swift; path = Chapter5_9IView.swift; sourceTree = "<group>"; };
		40177B512C4BC64900F1C92E /* DateFormatterHelper.swift */ = {isa = PBXFileReference; lastKnownFileType = sourcecode.swift; path = DateFormatterHelper.swift; sourceTree = "<group>"; };
		40177B542C4BCBE700F1C92E /* HowToDetailView.swift */ = {isa = PBXFileReference; lastKnownFileType = sourcecode.swift; path = HowToDetailView.swift; sourceTree = "<group>"; };
		40177B562C4BD2AA00F1C92E /* StayHomeDetailView.swift */ = {isa = PBXFileReference; lastKnownFileType = sourcecode.swift; path = StayHomeDetailView.swift; sourceTree = "<group>"; };
		403776282C424A9E00E7FBBA /* SwiftUILearning.app */ = {isa = PBXFileReference; explicitFileType = wrapper.application; includeInIndex = 0; path = SwiftUILearning.app; sourceTree = BUILT_PRODUCTS_DIR; };
		4037762B2C424A9E00E7FBBA /* SwiftUILearningApp.swift */ = {isa = PBXFileReference; lastKnownFileType = sourcecode.swift; path = SwiftUILearningApp.swift; sourceTree = "<group>"; };
		4037762D2C424A9E00E7FBBA /* ContentView.swift */ = {isa = PBXFileReference; lastKnownFileType = sourcecode.swift; path = ContentView.swift; sourceTree = "<group>"; };
		4037762F2C424A9F00E7FBBA /* Assets.xcassets */ = {isa = PBXFileReference; lastKnownFileType = folder.assetcatalog; path = Assets.xcassets; sourceTree = "<group>"; };
		403776322C424A9F00E7FBBA /* Preview Assets.xcassets */ = {isa = PBXFileReference; lastKnownFileType = folder.assetcatalog; path = "Preview Assets.xcassets"; sourceTree = "<group>"; };
		403776382C424A9F00E7FBBA /* SwiftUILearningTests.xctest */ = {isa = PBXFileReference; explicitFileType = wrapper.cfbundle; includeInIndex = 0; path = SwiftUILearningTests.xctest; sourceTree = BUILT_PRODUCTS_DIR; };
		4037763C2C424A9F00E7FBBA /* SwiftUILearningTests.swift */ = {isa = PBXFileReference; lastKnownFileType = sourcecode.swift; path = SwiftUILearningTests.swift; sourceTree = "<group>"; };
		403776422C424A9F00E7FBBA /* SwiftUILearningUITests.xctest */ = {isa = PBXFileReference; explicitFileType = wrapper.cfbundle; includeInIndex = 0; path = SwiftUILearningUITests.xctest; sourceTree = BUILT_PRODUCTS_DIR; };
		403776462C424A9F00E7FBBA /* SwiftUILearningUITests.swift */ = {isa = PBXFileReference; lastKnownFileType = sourcecode.swift; path = SwiftUILearningUITests.swift; sourceTree = "<group>"; };
		403776482C424A9F00E7FBBA /* SwiftUILearningUITestsLaunchTests.swift */ = {isa = PBXFileReference; lastKnownFileType = sourcecode.swift; path = SwiftUILearningUITestsLaunchTests.swift; sourceTree = "<group>"; };
		408B9D542C45369A00DEB12D /* AppDefine.swift */ = {isa = PBXFileReference; lastKnownFileType = sourcecode.swift; path = AppDefine.swift; sourceTree = "<group>"; };
		408B9DB32C454CA500DEB12D /* TodayCardView.swift */ = {isa = PBXFileReference; lastKnownFileType = sourcecode.swift; path = TodayCardView.swift; sourceTree = "<group>"; };
		408B9DBA2C46A04F00DEB12D /* Color+Hex.swift */ = {isa = PBXFileReference; lastKnownFileType = sourcecode.swift; path = "Color+Hex.swift"; sourceTree = "<group>"; };
		408E0CEB2C42B52900EE3D4F /* Chapter3View.swift */ = {isa = PBXFileReference; lastKnownFileType = sourcecode.swift; path = Chapter3View.swift; sourceTree = "<group>"; };
		408E0CED2C42B5B000EE3D4F /* Chapter2View.swift */ = {isa = PBXFileReference; lastKnownFileType = sourcecode.swift; path = Chapter2View.swift; sourceTree = "<group>"; };
		408E0CEF2C44C41F00EE3D4F /* Chapter4_1View.swift */ = {isa = PBXFileReference; lastKnownFileType = sourcecode.swift; path = Chapter4_1View.swift; sourceTree = "<group>"; };
		408E0CF22C44D05800EE3D4F /* Chapter4_2View.swift */ = {isa = PBXFileReference; lastKnownFileType = sourcecode.swift; path = Chapter4_2View.swift; sourceTree = "<group>"; };
		408E0CF42C44DBD700EE3D4F /* PhotoData.swift */ = {isa = PBXFileReference; lastKnownFileType = sourcecode.swift; path = PhotoData.swift; sourceTree = "<group>"; };
		408E0CF62C44DDA900EE3D4F /* Chapter4_3View.swift */ = {isa = PBXFileReference; lastKnownFileType = sourcecode.swift; path = Chapter4_3View.swift; sourceTree = "<group>"; };
		408E0CF82C44E1EC00EE3D4F /* RowView.swift */ = {isa = PBXFileReference; lastKnownFileType = sourcecode.swift; path = RowView.swift; sourceTree = "<group>"; };
		408E0CFB2C44EB8B00EE3D4F /* Chapter4-4View.swift */ = {isa = PBXFileReference; lastKnownFileType = sourcecode.swift; path = "Chapter4-4View.swift"; sourceTree = "<group>"; };
		408E0CFD2C44ED0300EE3D4F /* WebData.swift */ = {isa = PBXFileReference; lastKnownFileType = sourcecode.swift; path = WebData.swift; sourceTree = "<group>"; };
/* End PBXFileReference section */

/* Begin PBXFrameworksBuildPhase section */
		403776252C424A9E00E7FBBA /* Frameworks */ = {
			isa = PBXFrameworksBuildPhase;
			buildActionMask = 2147483647;
			files = (
			);
			runOnlyForDeploymentPostprocessing = 0;
		};
		403776352C424A9F00E7FBBA /* Frameworks */ = {
			isa = PBXFrameworksBuildPhase;
			buildActionMask = 2147483647;
			files = (
			);
			runOnlyForDeploymentPostprocessing = 0;
		};
		4037763F2C424A9F00E7FBBA /* Frameworks */ = {
			isa = PBXFrameworksBuildPhase;
			buildActionMask = 2147483647;
			files = (
			);
			runOnlyForDeploymentPostprocessing = 0;
		};
/* End PBXFrameworksBuildPhase section */

/* Begin PBXGroup section */
		4002BCC32C47DF370092664C /* Assets */ = {
			isa = PBXGroup;
			children = (
				4002BCC42C47DF650092664C /* AppAssets.swift */,
			);
			path = Assets;
			sourceTree = "<group>";
		};
		4002BCD62C4B65300092664C /* Chapter5 */ = {
			isa = PBXGroup;
			children = (
				4002BCD72C4B656E0092664C /* Chapter5_1View.swift */,
				4002BCD92C4B6C450092664C /* Cgapter5_2View.swift */,
				4002BCDB2C4B708D0092664C /* Chapter5_3View.swift */,
				4002BCDD2C4B735B0092664C /* Chapter5_4View.swift */,
				4002BCDF2C4B77650092664C /* Chapter5_5View.swift */,
				40177B492C4B7E0700F1C92E /* Chapter5_6View.swift */,
				40177B4B2C4B82B000F1C92E /* Chapter5_7View.swift */,
				40177B4D2C4B88EE00F1C92E /* Chapter5_8View.swift */,
				40177B4F2C4B8B2300F1C92E /* Chapter5_9IView.swift */,
			);
			path = Chapter5;
			sourceTree = "<group>";
		};
		40177B532C4BCBCE00F1C92E /* Details */ = {
			isa = PBXGroup;
			children = (
				40177B542C4BCBE700F1C92E /* HowToDetailView.swift */,
				40177B562C4BD2AA00F1C92E /* StayHomeDetailView.swift */,
			);
			path = Details;
			sourceTree = "<group>";
		};
		402370092C452D01005402EF /* Views */ = {
			isa = PBXGroup;
			children = (
				40177B532C4BCBCE00F1C92E /* Details */,
				4002BCC82C47E5350092664C /* GamesView.swift */,
				4002BCCA2C47E5450092664C /* AppsView.swift */,
				4002BCCC2C47E55B0092664C /* ArcadeView.swift */,
				4002BCCE2C47E5680092664C /* SearchView.swift */,
				4002BCD42C47FE520092664C /* TodayView.swift */,
			);
			path = Views;
			sourceTree = "<group>";
		};
		4037761F2C424A9E00E7FBBA = {
			isa = PBXGroup;
			children = (
				4037762A2C424A9E00E7FBBA /* SwiftUILearning */,
				4037763B2C424A9F00E7FBBA /* SwiftUILearningTests */,
				403776452C424A9F00E7FBBA /* SwiftUILearningUITests */,
				403776292C424A9E00E7FBBA /* Products */,
			);
			sourceTree = "<group>";
		};
		403776292C424A9E00E7FBBA /* Products */ = {
			isa = PBXGroup;
			children = (
				403776282C424A9E00E7FBBA /* SwiftUILearning.app */,
				403776382C424A9F00E7FBBA /* SwiftUILearningTests.xctest */,
				403776422C424A9F00E7FBBA /* SwiftUILearningUITests.xctest */,
			);
			name = Products;
			sourceTree = "<group>";
		};
		4037762A2C424A9E00E7FBBA /* SwiftUILearning */ = {
			isa = PBXGroup;
			children = (
				4002BCC32C47DF370092664C /* Assets */,
				408B9DB92C469F5E00DEB12D /* Utils */,
				408B9DB72C45672900DEB12D /* Classes */,
				4037762B2C424A9E00E7FBBA /* SwiftUILearningApp.swift */,
				4037762D2C424A9E00E7FBBA /* ContentView.swift */,
				408B9DB02C454ADC00DEB12D /* Modules */,
				402370092C452D01005402EF /* Views */,
				408E0CEA2C42B2EA00EE3D4F /* Chapter */,
				4037762F2C424A9F00E7FBBA /* Assets.xcassets */,
				403776312C424A9F00E7FBBA /* Preview Content */,
			);
			path = SwiftUILearning;
			sourceTree = "<group>";
		};
		403776312C424A9F00E7FBBA /* Preview Content */ = {
			isa = PBXGroup;
			children = (
				403776322C424A9F00E7FBBA /* Preview Assets.xcassets */,
			);
			path = "Preview Content";
			sourceTree = "<group>";
		};
		4037763B2C424A9F00E7FBBA /* SwiftUILearningTests */ = {
			isa = PBXGroup;
			children = (
				4037763C2C424A9F00E7FBBA /* SwiftUILearningTests.swift */,
			);
			path = SwiftUILearningTests;
			sourceTree = "<group>";
		};
		403776452C424A9F00E7FBBA /* SwiftUILearningUITests */ = {
			isa = PBXGroup;
			children = (
				403776462C424A9F00E7FBBA /* SwiftUILearningUITests.swift */,
				403776482C424A9F00E7FBBA /* SwiftUILearningUITestsLaunchTests.swift */,
			);
			path = SwiftUILearningUITests;
			sourceTree = "<group>";
		};
		408B9DB02C454ADC00DEB12D /* Modules */ = {
			isa = PBXGroup;
			children = (
				408B9DB32C454CA500DEB12D /* TodayCardView.swift */,
				4002BCBF2C46AC210092664C /* AppListView.swift */,
				4002BCC12C47CF160092664C /* AppView.swift */,
				4002BCD22C47FB550092664C /* HeadView.swift */,
			);
			path = Modules;
			sourceTree = "<group>";
		};
		408B9DB72C45672900DEB12D /* Classes */ = {
			isa = PBXGroup;
			children = (
				408B9D542C45369A00DEB12D /* AppDefine.swift */,
			);
			path = Classes;
			sourceTree = "<group>";
		};
		408B9DB92C469F5E00DEB12D /* Utils */ = {
			isa = PBXGroup;
			children = (
				408B9DBA2C46A04F00DEB12D /* Color+Hex.swift */,
				40177B512C4BC64900F1C92E /* DateFormatterHelper.swift */,
			);
			path = Utils;
			sourceTree = "<group>";
		};
		408E0CEA2C42B2EA00EE3D4F /* Chapter */ = {
			isa = PBXGroup;
			children = (
				408E0CED2C42B5B000EE3D4F /* Chapter2View.swift */,
				408E0CEB2C42B52900EE3D4F /* Chapter3View.swift */,
				408E0CF12C44CEAA00EE3D4F /* Chapter4 */,
				4002BCD62C4B65300092664C /* Chapter5 */,
			);
			path = Chapter;
			sourceTree = "<group>";
		};
		408E0CF12C44CEAA00EE3D4F /* Chapter4 */ = {
			isa = PBXGroup;
			children = (
				408E0CEF2C44C41F00EE3D4F /* Chapter4_1View.swift */,
				408E0CF22C44D05800EE3D4F /* Chapter4_2View.swift */,
				408E0CFA2C44EB5100EE3D4F /* Chapter4-3 */,
				408E0CFF2C44F07D00EE3D4F /* Chapter4-4 */,
			);
			path = Chapter4;
			sourceTree = "<group>";
		};
		408E0CFA2C44EB5100EE3D4F /* Chapter4-3 */ = {
			isa = PBXGroup;
			children = (
				408E0CF62C44DDA900EE3D4F /* Chapter4_3View.swift */,
				408E0CF42C44DBD700EE3D4F /* PhotoData.swift */,
				408E0CF82C44E1EC00EE3D4F /* RowView.swift */,
			);
			path = "Chapter4-3";
			sourceTree = "<group>";
		};
		408E0CFF2C44F07D00EE3D4F /* Chapter4-4 */ = {
			isa = PBXGroup;
			children = (
				408E0CFD2C44ED0300EE3D4F /* WebData.swift */,
				408E0CFB2C44EB8B00EE3D4F /* Chapter4-4View.swift */,
			);
			path = "Chapter4-4";
			sourceTree = "<group>";
		};
/* End PBXGroup section */

/* Begin PBXNativeTarget section */
		403776272C424A9E00E7FBBA /* SwiftUILearning */ = {
			isa = PBXNativeTarget;
			buildConfigurationList = 4037764C2C424A9F00E7FBBA /* Build configuration list for PBXNativeTarget "SwiftUILearning" */;
			buildPhases = (
				403776242C424A9E00E7FBBA /* Sources */,
				403776252C424A9E00E7FBBA /* Frameworks */,
				403776262C424A9E00E7FBBA /* Resources */,
			);
			buildRules = (
			);
			dependencies = (
			);
			name = SwiftUILearning;
			productName = SwiftUILearning;
			productReference = 403776282C424A9E00E7FBBA /* SwiftUILearning.app */;
			productType = "com.apple.product-type.application";
		};
		403776372C424A9F00E7FBBA /* SwiftUILearningTests */ = {
			isa = PBXNativeTarget;
			buildConfigurationList = 4037764F2C424A9F00E7FBBA /* Build configuration list for PBXNativeTarget "SwiftUILearningTests" */;
			buildPhases = (
				403776342C424A9F00E7FBBA /* Sources */,
				403776352C424A9F00E7FBBA /* Frameworks */,
				403776362C424A9F00E7FBBA /* Resources */,
			);
			buildRules = (
			);
			dependencies = (
				4037763A2C424A9F00E7FBBA /* PBXTargetDependency */,
			);
			name = SwiftUILearningTests;
			productName = SwiftUILearningTests;
			productReference = 403776382C424A9F00E7FBBA /* SwiftUILearningTests.xctest */;
			productType = "com.apple.product-type.bundle.unit-test";
		};
		403776412C424A9F00E7FBBA /* SwiftUILearningUITests */ = {
			isa = PBXNativeTarget;
			buildConfigurationList = 403776522C424A9F00E7FBBA /* Build configuration list for PBXNativeTarget "SwiftUILearningUITests" */;
			buildPhases = (
				4037763E2C424A9F00E7FBBA /* Sources */,
				4037763F2C424A9F00E7FBBA /* Frameworks */,
				403776402C424A9F00E7FBBA /* Resources */,
			);
			buildRules = (
			);
			dependencies = (
				403776442C424A9F00E7FBBA /* PBXTargetDependency */,
			);
			name = SwiftUILearningUITests;
			productName = SwiftUILearningUITests;
			productReference = 403776422C424A9F00E7FBBA /* SwiftUILearningUITests.xctest */;
			productType = "com.apple.product-type.bundle.ui-testing";
		};
/* End PBXNativeTarget section */

/* Begin PBXProject section */
		403776202C424A9E00E7FBBA /* Project object */ = {
			isa = PBXProject;
			attributes = {
				BuildIndependentTargetsInParallel = 1;
				LastSwiftUpdateCheck = 1540;
				LastUpgradeCheck = 1540;
				TargetAttributes = {
					403776272C424A9E00E7FBBA = {
						CreatedOnToolsVersion = 15.4;
					};
					403776372C424A9F00E7FBBA = {
						CreatedOnToolsVersion = 15.4;
						TestTargetID = 403776272C424A9E00E7FBBA;
					};
					403776412C424A9F00E7FBBA = {
						CreatedOnToolsVersion = 15.4;
						TestTargetID = 403776272C424A9E00E7FBBA;
					};
				};
			};
			buildConfigurationList = 403776232C424A9E00E7FBBA /* Build configuration list for PBXProject "SwiftUILearning" */;
			compatibilityVersion = "Xcode 14.0";
			developmentRegion = en;
			hasScannedForEncodings = 0;
			knownRegions = (
				en,
				Base,
			);
			mainGroup = 4037761F2C424A9E00E7FBBA;
			productRefGroup = 403776292C424A9E00E7FBBA /* Products */;
			projectDirPath = "";
			projectRoot = "";
			targets = (
				403776272C424A9E00E7FBBA /* SwiftUILearning */,
				403776372C424A9F00E7FBBA /* SwiftUILearningTests */,
				403776412C424A9F00E7FBBA /* SwiftUILearningUITests */,
			);
		};
/* End PBXProject section */

/* Begin PBXResourcesBuildPhase section */
		403776262C424A9E00E7FBBA /* Resources */ = {
			isa = PBXResourcesBuildPhase;
			buildActionMask = 2147483647;
			files = (
				403776332C424A9F00E7FBBA /* Preview Assets.xcassets in Resources */,
				403776302C424A9F00E7FBBA /* Assets.xcassets in Resources */,
			);
			runOnlyForDeploymentPostprocessing = 0;
		};
		403776362C424A9F00E7FBBA /* Resources */ = {
			isa = PBXResourcesBuildPhase;
			buildActionMask = 2147483647;
			files = (
			);
			runOnlyForDeploymentPostprocessing = 0;
		};
		403776402C424A9F00E7FBBA /* Resources */ = {
			isa = PBXResourcesBuildPhase;
			buildActionMask = 2147483647;
			files = (
			);
			runOnlyForDeploymentPostprocessing = 0;
		};
/* End PBXResourcesBuildPhase section */

/* Begin PBXSourcesBuildPhase section */
		403776242C424A9E00E7FBBA /* Sources */ = {
			isa = PBXSourcesBuildPhase;
			buildActionMask = 2147483647;
			files = (
				408E0CF32C44D05800EE3D4F /* Chapter4_2View.swift in Sources */,
				40177B502C4B8B2300F1C92E /* Chapter5_9IView.swift in Sources */,
				4002BCDE2C4B735B0092664C /* Chapter5_4View.swift in Sources */,
				4037762E2C424A9E00E7FBBA /* ContentView.swift in Sources */,
				4002BCCD2C47E55B0092664C /* ArcadeView.swift in Sources */,
				408B9D552C45369A00DEB12D /* AppDefine.swift in Sources */,
				408E0CEE2C42B5B000EE3D4F /* Chapter2View.swift in Sources */,
				40177B552C4BCBE700F1C92E /* HowToDetailView.swift in Sources */,
				4002BCC22C47CF160092664C /* AppView.swift in Sources */,
				408E0CF52C44DBD700EE3D4F /* PhotoData.swift in Sources */,
				4002BCC52C47DF650092664C /* AppAssets.swift in Sources */,
				40177B572C4BD2AA00F1C92E /* StayHomeDetailView.swift in Sources */,
				408E0CF92C44E1EC00EE3D4F /* RowView.swift in Sources */,
				4002BCCB2C47E5450092664C /* AppsView.swift in Sources */,
				4002BCCF2C47E5680092664C /* SearchView.swift in Sources */,
				4037762C2C424A9E00E7FBBA /* SwiftUILearningApp.swift in Sources */,
				408B9DBB2C46A04F00DEB12D /* Color+Hex.swift in Sources */,
				40177B4C2C4B82B000F1C92E /* Chapter5_7View.swift in Sources */,
				408E0CFC2C44EB8B00EE3D4F /* Chapter4-4View.swift in Sources */,
				408E0CEC2C42B52900EE3D4F /* Chapter3View.swift in Sources */,
				4002BCD32C47FB550092664C /* HeadView.swift in Sources */,
				408E0CF02C44C41F00EE3D4F /* Chapter4_1View.swift in Sources */,
				4002BCC92C47E5350092664C /* GamesView.swift in Sources */,
				4002BCD82C4B656E0092664C /* Chapter5_1View.swift in Sources */,
				4002BCDA2C4B6C450092664C /* Cgapter5_2View.swift in Sources */,
				408E0CF72C44DDA900EE3D4F /* Chapter4_3View.swift in Sources */,
				40177B4A2C4B7E0700F1C92E /* Chapter5_6View.swift in Sources */,
				408E0CFE2C44ED0300EE3D4F /* WebData.swift in Sources */,
				408B9DB42C454CA500DEB12D /* TodayCardView.swift in Sources */,
				4002BCDC2C4B708D0092664C /* Chapter5_3View.swift in Sources */,
				4002BCD52C47FE520092664C /* TodayView.swift in Sources */,
				40177B4E2C4B88EE00F1C92E /* Chapter5_8View.swift in Sources */,
				40177B522C4BC64900F1C92E /* DateFormatterHelper.swift in Sources */,
				4002BCE02C4B77650092664C /* Chapter5_5View.swift in Sources */,
				4002BCC02C46AC210092664C /* AppListView.swift in Sources */,
			);
			runOnlyForDeploymentPostprocessing = 0;
		};
		403776342C424A9F00E7FBBA /* Sources */ = {
			isa = PBXSourcesBuildPhase;
			buildActionMask = 2147483647;
			files = (
				4037763D2C424A9F00E7FBBA /* SwiftUILearningTests.swift in Sources */,
				408B9DBC2C46A04F00DEB12D /* Color+Hex.swift in Sources */,
			);
			runOnlyForDeploymentPostprocessing = 0;
		};
		4037763E2C424A9F00E7FBBA /* Sources */ = {
			isa = PBXSourcesBuildPhase;
			buildActionMask = 2147483647;
			files = (
				403776492C424A9F00E7FBBA /* SwiftUILearningUITestsLaunchTests.swift in Sources */,
				403776472C424A9F00E7FBBA /* SwiftUILearningUITests.swift in Sources */,
				408B9DBD2C46A04F00DEB12D /* Color+Hex.swift in Sources */,
			);
			runOnlyForDeploymentPostprocessing = 0;
		};
/* End PBXSourcesBuildPhase section */

/* Begin PBXTargetDependency section */
		4037763A2C424A9F00E7FBBA /* PBXTargetDependency */ = {
			isa = PBXTargetDependency;
			target = 403776272C424A9E00E7FBBA /* SwiftUILearning */;
			targetProxy = 403776392C424A9F00E7FBBA /* PBXContainerItemProxy */;
		};
		403776442C424A9F00E7FBBA /* PBXTargetDependency */ = {
			isa = PBXTargetDependency;
			target = 403776272C424A9E00E7FBBA /* SwiftUILearning */;
			targetProxy = 403776432C424A9F00E7FBBA /* PBXContainerItemProxy */;
		};
/* End PBXTargetDependency section */

/* Begin XCBuildConfiguration section */
		4037764A2C424A9F00E7FBBA /* Debug */ = {
			isa = XCBuildConfiguration;
			buildSettings = {
				ALWAYS_SEARCH_USER_PATHS = NO;
				ASSETCATALOG_COMPILER_GENERATE_SWIFT_ASSET_SYMBOL_EXTENSIONS = YES;
				CLANG_ANALYZER_NONNULL = YES;
				CLANG_ANALYZER_NUMBER_OBJECT_CONVERSION = YES_AGGRESSIVE;
				CLANG_CXX_LANGUAGE_STANDARD = "gnu++20";
				CLANG_ENABLE_MODULES = YES;
				CLANG_ENABLE_OBJC_ARC = YES;
				CLANG_ENABLE_OBJC_WEAK = YES;
				CLANG_WARN_BLOCK_CAPTURE_AUTORELEASING = YES;
				CLANG_WARN_BOOL_CONVERSION = YES;
				CLANG_WARN_COMMA = YES;
				CLANG_WARN_CONSTANT_CONVERSION = YES;
				CLANG_WARN_DEPRECATED_OBJC_IMPLEMENTATIONS = YES;
				CLANG_WARN_DIRECT_OBJC_ISA_USAGE = YES_ERROR;
				CLANG_WARN_DOCUMENTATION_COMMENTS = YES;
				CLANG_WARN_EMPTY_BODY = YES;
				CLANG_WARN_ENUM_CONVERSION = YES;
				CLANG_WARN_INFINITE_RECURSION = YES;
				CLANG_WARN_INT_CONVERSION = YES;
				CLANG_WARN_NON_LITERAL_NULL_CONVERSION = YES;
				CLANG_WARN_OBJC_IMPLICIT_RETAIN_SELF = YES;
				CLANG_WARN_OBJC_LITERAL_CONVERSION = YES;
				CLANG_WARN_OBJC_ROOT_CLASS = YES_ERROR;
				CLANG_WARN_QUOTED_INCLUDE_IN_FRAMEWORK_HEADER = YES;
				CLANG_WARN_RANGE_LOOP_ANALYSIS = YES;
				CLANG_WARN_STRICT_PROTOTYPES = YES;
				CLANG_WARN_SUSPICIOUS_MOVE = YES;
				CLANG_WARN_UNGUARDED_AVAILABILITY = YES_AGGRESSIVE;
				CLANG_WARN_UNREACHABLE_CODE = YES;
				CLANG_WARN__DUPLICATE_METHOD_MATCH = YES;
				COPY_PHASE_STRIP = NO;
				DEBUG_INFORMATION_FORMAT = dwarf;
				ENABLE_STRICT_OBJC_MSGSEND = YES;
				ENABLE_TESTABILITY = YES;
				ENABLE_USER_SCRIPT_SANDBOXING = YES;
				GCC_C_LANGUAGE_STANDARD = gnu17;
				GCC_DYNAMIC_NO_PIC = NO;
				GCC_NO_COMMON_BLOCKS = YES;
				GCC_OPTIMIZATION_LEVEL = 0;
				GCC_PREPROCESSOR_DEFINITIONS = (
					"DEBUG=1",
					"$(inherited)",
				);
				GCC_WARN_64_TO_32_BIT_CONVERSION = YES;
				GCC_WARN_ABOUT_RETURN_TYPE = YES_ERROR;
				GCC_WARN_UNDECLARED_SELECTOR = YES;
				GCC_WARN_UNINITIALIZED_AUTOS = YES_AGGRESSIVE;
				GCC_WARN_UNUSED_FUNCTION = YES;
				GCC_WARN_UNUSED_VARIABLE = YES;
				IPHONEOS_DEPLOYMENT_TARGET = 17.5;
				LOCALIZATION_PREFERS_STRING_CATALOGS = YES;
				MTL_ENABLE_DEBUG_INFO = INCLUDE_SOURCE;
				MTL_FAST_MATH = YES;
				ONLY_ACTIVE_ARCH = YES;
				SDKROOT = iphoneos;
				SWIFT_ACTIVE_COMPILATION_CONDITIONS = "DEBUG $(inherited)";
				SWIFT_OPTIMIZATION_LEVEL = "-Onone";
			};
			name = Debug;
		};
		4037764B2C424A9F00E7FBBA /* Release */ = {
			isa = XCBuildConfiguration;
			buildSettings = {
				ALWAYS_SEARCH_USER_PATHS = NO;
				ASSETCATALOG_COMPILER_GENERATE_SWIFT_ASSET_SYMBOL_EXTENSIONS = YES;
				CLANG_ANALYZER_NONNULL = YES;
				CLANG_ANALYZER_NUMBER_OBJECT_CONVERSION = YES_AGGRESSIVE;
				CLANG_CXX_LANGUAGE_STANDARD = "gnu++20";
				CLANG_ENABLE_MODULES = YES;
				CLANG_ENABLE_OBJC_ARC = YES;
				CLANG_ENABLE_OBJC_WEAK = YES;
				CLANG_WARN_BLOCK_CAPTURE_AUTORELEASING = YES;
				CLANG_WARN_BOOL_CONVERSION = YES;
				CLANG_WARN_COMMA = YES;
				CLANG_WARN_CONSTANT_CONVERSION = YES;
				CLANG_WARN_DEPRECATED_OBJC_IMPLEMENTATIONS = YES;
				CLANG_WARN_DIRECT_OBJC_ISA_USAGE = YES_ERROR;
				CLANG_WARN_DOCUMENTATION_COMMENTS = YES;
				CLANG_WARN_EMPTY_BODY = YES;
				CLANG_WARN_ENUM_CONVERSION = YES;
				CLANG_WARN_INFINITE_RECURSION = YES;
				CLANG_WARN_INT_CONVERSION = YES;
				CLANG_WARN_NON_LITERAL_NULL_CONVERSION = YES;
				CLANG_WARN_OBJC_IMPLICIT_RETAIN_SELF = YES;
				CLANG_WARN_OBJC_LITERAL_CONVERSION = YES;
				CLANG_WARN_OBJC_ROOT_CLASS = YES_ERROR;
				CLANG_WARN_QUOTED_INCLUDE_IN_FRAMEWORK_HEADER = YES;
				CLANG_WARN_RANGE_LOOP_ANALYSIS = YES;
				CLANG_WARN_STRICT_PROTOTYPES = YES;
				CLANG_WARN_SUSPICIOUS_MOVE = YES;
				CLANG_WARN_UNGUARDED_AVAILABILITY = YES_AGGRESSIVE;
				CLANG_WARN_UNREACHABLE_CODE = YES;
				CLANG_WARN__DUPLICATE_METHOD_MATCH = YES;
				COPY_PHASE_STRIP = NO;
				DEBUG_INFORMATION_FORMAT = "dwarf-with-dsym";
				ENABLE_NS_ASSERTIONS = NO;
				ENABLE_STRICT_OBJC_MSGSEND = YES;
				ENABLE_USER_SCRIPT_SANDBOXING = YES;
				GCC_C_LANGUAGE_STANDARD = gnu17;
				GCC_NO_COMMON_BLOCKS = YES;
				GCC_WARN_64_TO_32_BIT_CONVERSION = YES;
				GCC_WARN_ABOUT_RETURN_TYPE = YES_ERROR;
				GCC_WARN_UNDECLARED_SELECTOR = YES;
				GCC_WARN_UNINITIALIZED_AUTOS = YES_AGGRESSIVE;
				GCC_WARN_UNUSED_FUNCTION = YES;
				GCC_WARN_UNUSED_VARIABLE = YES;
				IPHONEOS_DEPLOYMENT_TARGET = 17.5;
				LOCALIZATION_PREFERS_STRING_CATALOGS = YES;
				MTL_ENABLE_DEBUG_INFO = NO;
				MTL_FAST_MATH = YES;
				SDKROOT = iphoneos;
				SWIFT_COMPILATION_MODE = wholemodule;
				VALIDATE_PRODUCT = YES;
			};
			name = Release;
		};
		4037764D2C424A9F00E7FBBA /* Debug */ = {
			isa = XCBuildConfiguration;
			buildSettings = {
				ASSETCATALOG_COMPILER_APPICON_NAME = AppIcon;
				ASSETCATALOG_COMPILER_GLOBAL_ACCENT_COLOR_NAME = AccentColor;
				CODE_SIGN_STYLE = Automatic;
				CURRENT_PROJECT_VERSION = 1;
				DEVELOPMENT_ASSET_PATHS = "\"SwiftUILearning/Preview Content\"";
				DEVELOPMENT_TEAM = 63QTCA4K9N;
				ENABLE_PREVIEWS = YES;
				GENERATE_INFOPLIST_FILE = YES;
				INFOPLIST_KEY_UIApplicationSceneManifest_Generation = YES;
				INFOPLIST_KEY_UIApplicationSupportsIndirectInputEvents = YES;
				INFOPLIST_KEY_UILaunchScreen_Generation = YES;
				INFOPLIST_KEY_UISupportedInterfaceOrientations_iPad = "UIInterfaceOrientationPortrait UIInterfaceOrientationPortraitUpsideDown UIInterfaceOrientationLandscapeLeft UIInterfaceOrientationLandscapeRight";
				INFOPLIST_KEY_UISupportedInterfaceOrientations_iPhone = "UIInterfaceOrientationPortrait UIInterfaceOrientationLandscapeLeft UIInterfaceOrientationLandscapeRight";
				LD_RUNPATH_SEARCH_PATHS = (
					"$(inherited)",
					"@executable_path/Frameworks",
				);
				MARKETING_VERSION = 1.0;
				PRODUCT_BUNDLE_IDENTIFIER = ybttk.SwiftUILearning;
				PRODUCT_NAME = "$(TARGET_NAME)";
				SWIFT_EMIT_LOC_STRINGS = YES;
				SWIFT_VERSION = 5.0;
				TARGETED_DEVICE_FAMILY = "1,2";
			};
			name = Debug;
		};
		4037764E2C424A9F00E7FBBA /* Release */ = {
			isa = XCBuildConfiguration;
			buildSettings = {
				ASSETCATALOG_COMPILER_APPICON_NAME = AppIcon;
				ASSETCATALOG_COMPILER_GLOBAL_ACCENT_COLOR_NAME = AccentColor;
				CODE_SIGN_STYLE = Automatic;
				CURRENT_PROJECT_VERSION = 1;
				DEVELOPMENT_ASSET_PATHS = "\"SwiftUILearning/Preview Content\"";
				DEVELOPMENT_TEAM = 63QTCA4K9N;
				ENABLE_PREVIEWS = YES;
				GENERATE_INFOPLIST_FILE = YES;
				INFOPLIST_KEY_UIApplicationSceneManifest_Generation = YES;
				INFOPLIST_KEY_UIApplicationSupportsIndirectInputEvents = YES;
				INFOPLIST_KEY_UILaunchScreen_Generation = YES;
				INFOPLIST_KEY_UISupportedInterfaceOrientations_iPad = "UIInterfaceOrientationPortrait UIInterfaceOrientationPortraitUpsideDown UIInterfaceOrientationLandscapeLeft UIInterfaceOrientationLandscapeRight";
				INFOPLIST_KEY_UISupportedInterfaceOrientations_iPhone = "UIInterfaceOrientationPortrait UIInterfaceOrientationLandscapeLeft UIInterfaceOrientationLandscapeRight";
				LD_RUNPATH_SEARCH_PATHS = (
					"$(inherited)",
					"@executable_path/Frameworks",
				);
				MARKETING_VERSION = 1.0;
				PRODUCT_BUNDLE_IDENTIFIER = ybttk.SwiftUILearning;
				PRODUCT_NAME = "$(TARGET_NAME)";
				SWIFT_EMIT_LOC_STRINGS = YES;
				SWIFT_VERSION = 5.0;
				TARGETED_DEVICE_FAMILY = "1,2";
			};
			name = Release;
		};
		403776502C424A9F00E7FBBA /* Debug */ = {
			isa = XCBuildConfiguration;
			buildSettings = {
				ALWAYS_EMBED_SWIFT_STANDARD_LIBRARIES = YES;
				BUNDLE_LOADER = "$(TEST_HOST)";
				CODE_SIGN_STYLE = Automatic;
				CURRENT_PROJECT_VERSION = 1;
				DEVELOPMENT_TEAM = 63QTCA4K9N;
				GENERATE_INFOPLIST_FILE = YES;
				IPHONEOS_DEPLOYMENT_TARGET = 17.5;
				MARKETING_VERSION = 1.0;
				PRODUCT_BUNDLE_IDENTIFIER = ybttk.SwiftUILearningTests;
				PRODUCT_NAME = "$(TARGET_NAME)";
				SWIFT_EMIT_LOC_STRINGS = NO;
				SWIFT_VERSION = 5.0;
				TARGETED_DEVICE_FAMILY = "1,2";
				TEST_HOST = "$(BUILT_PRODUCTS_DIR)/SwiftUILearning.app/$(BUNDLE_EXECUTABLE_FOLDER_PATH)/SwiftUILearning";
			};
			name = Debug;
		};
		403776512C424A9F00E7FBBA /* Release */ = {
			isa = XCBuildConfiguration;
			buildSettings = {
				ALWAYS_EMBED_SWIFT_STANDARD_LIBRARIES = YES;
				BUNDLE_LOADER = "$(TEST_HOST)";
				CODE_SIGN_STYLE = Automatic;
				CURRENT_PROJECT_VERSION = 1;
				DEVELOPMENT_TEAM = 63QTCA4K9N;
				GENERATE_INFOPLIST_FILE = YES;
				IPHONEOS_DEPLOYMENT_TARGET = 17.5;
				MARKETING_VERSION = 1.0;
				PRODUCT_BUNDLE_IDENTIFIER = ybttk.SwiftUILearningTests;
				PRODUCT_NAME = "$(TARGET_NAME)";
				SWIFT_EMIT_LOC_STRINGS = NO;
				SWIFT_VERSION = 5.0;
				TARGETED_DEVICE_FAMILY = "1,2";
				TEST_HOST = "$(BUILT_PRODUCTS_DIR)/SwiftUILearning.app/$(BUNDLE_EXECUTABLE_FOLDER_PATH)/SwiftUILearning";
			};
			name = Release;
		};
		403776532C424A9F00E7FBBA /* Debug */ = {
			isa = XCBuildConfiguration;
			buildSettings = {
				ALWAYS_EMBED_SWIFT_STANDARD_LIBRARIES = YES;
				CODE_SIGN_STYLE = Automatic;
				CURRENT_PROJECT_VERSION = 1;
				DEVELOPMENT_TEAM = 63QTCA4K9N;
				GENERATE_INFOPLIST_FILE = YES;
				MARKETING_VERSION = 1.0;
				PRODUCT_BUNDLE_IDENTIFIER = ybttk.SwiftUILearningUITests;
				PRODUCT_NAME = "$(TARGET_NAME)";
				SWIFT_EMIT_LOC_STRINGS = NO;
				SWIFT_VERSION = 5.0;
				TARGETED_DEVICE_FAMILY = "1,2";
				TEST_TARGET_NAME = SwiftUILearning;
			};
			name = Debug;
		};
		403776542C424A9F00E7FBBA /* Release */ = {
			isa = XCBuildConfiguration;
			buildSettings = {
				ALWAYS_EMBED_SWIFT_STANDARD_LIBRARIES = YES;
				CODE_SIGN_STYLE = Automatic;
				CURRENT_PROJECT_VERSION = 1;
				DEVELOPMENT_TEAM = 63QTCA4K9N;
				GENERATE_INFOPLIST_FILE = YES;
				MARKETING_VERSION = 1.0;
				PRODUCT_BUNDLE_IDENTIFIER = ybttk.SwiftUILearningUITests;
				PRODUCT_NAME = "$(TARGET_NAME)";
				SWIFT_EMIT_LOC_STRINGS = NO;
				SWIFT_VERSION = 5.0;
				TARGETED_DEVICE_FAMILY = "1,2";
				TEST_TARGET_NAME = SwiftUILearning;
			};
			name = Release;
		};
/* End XCBuildConfiguration section */

/* Begin XCConfigurationList section */
		403776232C424A9E00E7FBBA /* Build configuration list for PBXProject "SwiftUILearning" */ = {
			isa = XCConfigurationList;
			buildConfigurations = (
				4037764A2C424A9F00E7FBBA /* Debug */,
				4037764B2C424A9F00E7FBBA /* Release */,
			);
			defaultConfigurationIsVisible = 0;
			defaultConfigurationName = Release;
		};
		4037764C2C424A9F00E7FBBA /* Build configuration list for PBXNativeTarget "SwiftUILearning" */ = {
			isa = XCConfigurationList;
			buildConfigurations = (
				4037764D2C424A9F00E7FBBA /* Debug */,
				4037764E2C424A9F00E7FBBA /* Release */,
			);
			defaultConfigurationIsVisible = 0;
			defaultConfigurationName = Release;
		};
		4037764F2C424A9F00E7FBBA /* Build configuration list for PBXNativeTarget "SwiftUILearningTests" */ = {
			isa = XCConfigurationList;
			buildConfigurations = (
				403776502C424A9F00E7FBBA /* Debug */,
				403776512C424A9F00E7FBBA /* Release */,
			);
			defaultConfigurationIsVisible = 0;
			defaultConfigurationName = Release;
		};
		403776522C424A9F00E7FBBA /* Build configuration list for PBXNativeTarget "SwiftUILearningUITests" */ = {
			isa = XCConfigurationList;
			buildConfigurations = (
				403776532C424A9F00E7FBBA /* Debug */,
				403776542C424A9F00E7FBBA /* Release */,
			);
			defaultConfigurationIsVisible = 0;
			defaultConfigurationName = Release;
		};
/* End XCConfigurationList section */
	};
	rootObject = 403776202C424A9E00E7FBBA /* Project object */;
}
